
Microsoft Visual Studio Solution File, Format Version 12.00
# Visual Studio Version 17
VisualStudioVersion = 17.10.35013.160
MinimumVisualStudioVersion = 10.0.40219.1
Project("{9A19103F-16F7-4668-BE54-9A1E7A4F7556}") = "RevealMimics", "RevealMimics\RevealMimics.csproj", "{DCCED4AF-B363-46E7-BD4A-7628C572420C}"
EndProject
Project("{FAE04EC0-301F-11D3-BF4B-00C04F79EFBC}") = "AutoBoost", "AutoBoost\AutoBoost.csproj", "{2F44C69A-C934-41A5-B717-1898C9FD12F9}"
EndProject
Project("{FAE04EC0-301F-11D3-BF4B-00C04F79EFBC}") = "IdleSlayerMods.Common", "IdleSlayerMods.Common\IdleSlayerMods.Common.csproj", "{97EABF55-F3EC-4C1B-853B-D873C0A1B7AB}"
EndProject
Project("{FAE04EC0-301F-11D3-BF4B-00C04F79EFBC}") = "BonusStageCompleter", "BonusStageCompleter\BonusStageCompleter.csproj", "{46C9280F-0E46-4C27-A783-B5A8BB0171C3}"
EndProject
Project("{FAE04EC0-301F-11D3-BF4B-00C04F79EFBC}") = "ModTemplate", "ModTemplate\ModTemplate.csproj", "{E1D56B64-740A-4519-B8A6-EAC1DCF5E037}"
EndProject
Project("{FAE04EC0-301F-11D3-BF4B-00C04F79EFBC}") = "OneHitBossFights", "OneHitBossFights\OneHitBossFights.csproj", "{F28EE3CE-DA32-4002-92A2-5942B278F3A6}"
EndProject
Project("{FAE04EC0-301F-11D3-BF4B-00C04F79EFBC}") = "DoorPuzzleSkip", "DoorPuzzleSkip\DoorPuzzleSkip.csproj", "{02DBCFDA-8886-4B27-8F87-35B89B70D0BF}"
EndProject
Project("{FAE04EC0-301F-11D3-BF4B-00C04F79EFBC}") = "IdleConfig", "IdleConfig\IdleConfig.csproj", "{619460F4-75EA-4DE2-8959-1B2B84F5EC13}"
EndProject
Project("{2150E333-8FDC-42A3-9474-1A3956D46DE8}") = "Unreleased", "Unreleased", "{370C8832-FA39-4EB0-B68D-4E2AD7B2F7B4}"
EndProject
Project("{FAE04EC0-301F-11D3-BF4B-00C04F79EFBC}") = "RestoreLastMap", "RestoreLastMap\RestoreLastMap.csproj", "{A2324184-DBD4-4C3A-B1D0-52415F3F6534}"
EndProject
Project("{FAE04EC0-301F-11D3-BF4B-00C04F79EFBC}") = "PathBuilder", "PathBuilder\PathBuilder.csproj", "{40C559F3-EFF7-45F1-9656-06AD28B807A8}"
EndProject
Project("{FAE04EC0-301F-11D3-BF4B-00C04F79EFBC}") = "CustomSettingsMod", "CustomSettingsMod\CustomSettingsMod.csproj", "{3B310194-9FA5-48BD-B928-EDFE91F9C768}"
EndProject
Project("{FAE04EC0-301F-11D3-BF4B-00C04F79EFBC}") = "GameSpeedChanger", "GameSpeedChanger\GameSpeedChanger.csproj", "{F52BAE31-2E4D-4DF9-9129-5007C175422F}"
EndProject
Global
	GlobalSection(SolutionConfigurationPlatforms) = preSolution
		Debug|Any CPU = Debug|Any CPU
		Release|Any CPU = Release|Any CPU
	EndGlobalSection
	GlobalSection(ProjectConfigurationPlatforms) = postSolution
		{DCCED4AF-B363-46E7-BD4A-7628C572420C}.Debug|Any CPU.ActiveCfg = Debug|Any CPU
		{DCCED4AF-B363-46E7-BD4A-7628C572420C}.Debug|Any CPU.Build.0 = Debug|Any CPU
		{DCCED4AF-B363-46E7-BD4A-7628C572420C}.Release|Any CPU.ActiveCfg = Release|Any CPU
		{DCCED4AF-B363-46E7-BD4A-7628C572420C}.Release|Any CPU.Build.0 = Release|Any CPU
		{2F44C69A-C934-41A5-B717-1898C9FD12F9}.Debug|Any CPU.ActiveCfg = Debug|Any CPU
		{2F44C69A-C934-41A5-B717-1898C9FD12F9}.Debug|Any CPU.Build.0 = Debug|Any CPU
		{2F44C69A-C934-41A5-B717-1898C9FD12F9}.Release|Any CPU.ActiveCfg = Release|Any CPU
		{2F44C69A-C934-41A5-B717-1898C9FD12F9}.Release|Any CPU.Build.0 = Release|Any CPU
		{97EABF55-F3EC-4C1B-853B-D873C0A1B7AB}.Debug|Any CPU.ActiveCfg = Debug|Any CPU
		{97EABF55-F3EC-4C1B-853B-D873C0A1B7AB}.Debug|Any CPU.Build.0 = Debug|Any CPU
		{97EABF55-F3EC-4C1B-853B-D873C0A1B7AB}.Release|Any CPU.ActiveCfg = Release|Any CPU
		{97EABF55-F3EC-4C1B-853B-D873C0A1B7AB}.Release|Any CPU.Build.0 = Release|Any CPU
		{46C9280F-0E46-4C27-A783-B5A8BB0171C3}.Debug|Any CPU.ActiveCfg = Debug|Any CPU
		{46C9280F-0E46-4C27-A783-B5A8BB0171C3}.Debug|Any CPU.Build.0 = Debug|Any CPU
		{46C9280F-0E46-4C27-A783-B5A8BB0171C3}.Release|Any CPU.ActiveCfg = Release|Any CPU
		{46C9280F-0E46-4C27-A783-B5A8BB0171C3}.Release|Any CPU.Build.0 = Release|Any CPU
		{E1D56B64-740A-4519-B8A6-EAC1DCF5E037}.Debug|Any CPU.ActiveCfg = Debug|Any CPU
		{E1D56B64-740A-4519-B8A6-EAC1DCF5E037}.Debug|Any CPU.Build.0 = Debug|Any CPU
		{E1D56B64-740A-4519-B8A6-EAC1DCF5E037}.Release|Any CPU.ActiveCfg = Release|Any CPU
		{E1D56B64-740A-4519-B8A6-EAC1DCF5E037}.Release|Any CPU.Build.0 = Release|Any CPU
		{F28EE3CE-DA32-4002-92A2-5942B278F3A6}.Debug|Any CPU.ActiveCfg = Debug|Any CPU
		{F28EE3CE-DA32-4002-92A2-5942B278F3A6}.Debug|Any CPU.Build.0 = Debug|Any CPU
		{F28EE3CE-DA32-4002-92A2-5942B278F3A6}.Release|Any CPU.ActiveCfg = Release|Any CPU
		{F28EE3CE-DA32-4002-92A2-5942B278F3A6}.Release|Any CPU.Build.0 = Release|Any CPU
		{02DBCFDA-8886-4B27-8F87-35B89B70D0BF}.Debug|Any CPU.ActiveCfg = Debug|Any CPU
		{02DBCFDA-8886-4B27-8F87-35B89B70D0BF}.Debug|Any CPU.Build.0 = Debug|Any CPU
		{02DBCFDA-8886-4B27-8F87-35B89B70D0BF}.Release|Any CPU.ActiveCfg = Release|Any CPU
		{02DBCFDA-8886-4B27-8F87-35B89B70D0BF}.Release|Any CPU.Build.0 = Release|Any CPU
		{619460F4-75EA-4DE2-8959-1B2B84F5EC13}.Debug|Any CPU.ActiveCfg = Debug|Any CPU
		{619460F4-75EA-4DE2-8959-1B2B84F5EC13}.Debug|Any CPU.Build.0 = Debug|Any CPU
		{619460F4-75EA-4DE2-8959-1B2B84F5EC13}.Release|Any CPU.ActiveCfg = Release|Any CPU
		{619460F4-75EA-4DE2-8959-1B2B84F5EC13}.Release|Any CPU.Build.0 = Release|Any CPU
		{A2324184-DBD4-4C3A-B1D0-52415F3F6534}.Debug|Any CPU.ActiveCfg = Debug|Any CPU
		{A2324184-DBD4-4C3A-B1D0-52415F3F6534}.Debug|Any CPU.Build.0 = Debug|Any CPU
		{A2324184-DBD4-4C3A-B1D0-52415F3F6534}.Release|Any CPU.ActiveCfg = Release|Any CPU
		{A2324184-DBD4-4C3A-B1D0-52415F3F6534}.Release|Any CPU.Build.0 = Release|Any CPU
		{40C559F3-EFF7-45F1-9656-06AD28B807A8}.Debug|Any CPU.ActiveCfg = Debug|Any CPU
		{40C559F3-EFF7-45F1-9656-06AD28B807A8}.Debug|Any CPU.Build.0 = Debug|Any CPU
		{40C559F3-EFF7-45F1-9656-06AD28B807A8}.Release|Any CPU.ActiveCfg = Release|Any CPU
		{40C559F3-EFF7-45F1-9656-06AD28B807A8}.Release|Any CPU.Build.0 = Release|Any CPU
		{3B310194-9FA5-48BD-B928-EDFE91F9C768}.Debug|Any CPU.ActiveCfg = Debug|Any CPU
		{3B310194-9FA5-48BD-B928-EDFE91F9C768}.Debug|Any CPU.Build.0 = Debug|Any CPU
		{3B310194-9FA5-48BD-B928-EDFE91F9C768}.Release|Any CPU.ActiveCfg = Release|Any CPU
		{3B310194-9FA5-48BD-B928-EDFE91F9C768}.Release|Any CPU.Build.0 = Release|Any CPU
		{F52BAE31-2E4D-4DF9-9129-5007C175422F}.Debug|Any CPU.ActiveCfg = Debug|Any CPU
		{F52BAE31-2E4D-4DF9-9129-5007C175422F}.Debug|Any CPU.Build.0 = Debug|Any CPU
		{F52BAE31-2E4D-4DF9-9129-5007C175422F}.Release|Any CPU.ActiveCfg = Release|Any CPU
		{F52BAE31-2E4D-4DF9-9129-5007C175422F}.Release|Any CPU.Build.0 = Release|Any CPU
	EndGlobalSection
	GlobalSection(SolutionProperties) = preSolution
		HideSolutionNode = FALSE
	EndGlobalSection
	GlobalSection(ExtensibilityGlobals) = postSolution
		SolutionGuid = {FDD2D12C-5ED5-45FA-BAC2-DDFEB7D1C556}
	EndGlobalSection
	GlobalSection(NestedProjects) = preSolution
		{619460F4-75EA-4DE2-8959-1B2B84F5EC13} = {370C8832-FA39-4EB0-B68D-4E2AD7B2F7B4}
		{40C559F3-EFF7-45F1-9656-06AD28B807A8} = {370C8832-FA39-4EB0-B68D-4E2AD7B2F7B4}
		{3B310194-9FA5-48BD-B928-EDFE91F9C768} = {370C8832-FA39-4EB0-B68D-4E2AD7B2F7B4}
	EndGlobalSection
EndGlobal
