
Microsoft Visual Studio Solution File, Format Version 12.00
# Visual Studio Version 17
VisualStudioVersion = 17.10.35013.160
MinimumVisualStudioVersion = 10.0.40219.1
Project("{9A19103F-16F7-4668-BE54-9A1E7A4F7556}") = "RevealMimics", "RevealMimics\RevealMimics.csproj", "{DCCED4AF-B363-46E7-BD4A-7628C572420C}"
EndProject
Project("{FAE04EC0-301F-11D3-BF4B-00C04F79EFBC}") = "AutoBoost", "AutoBoost\AutoBoost.csproj", "{2F44C69A-C934-41A5-B717-1898C9FD12F9}"
EndProject
Project("{FAE04EC0-301F-11D3-BF4B-00C04F79EFBC}") = "IdleSlayerMods.Common", "IdleSlayerMods.Common\IdleSlayerMods.Common.csproj", "{97EABF55-F3EC-4C1B-853B-D873C0A1B7AB}"
EndProject
Project("{FAE04EC0-301F-11D3-BF4B-00C04F79EFBC}") = "BonusStageCompleter", "BonusStageCompleter\BonusStageCompleter.csproj", "{46C9280F-0E46-4C27-A783-B5A8BB0171C3}"
EndProject
Project("{FAE04EC0-301F-11D3-BF4B-00C04F79EFBC}") = "ModTemplate", "ModTemplate\ModTemplate.csproj", "{E1D56B64-740A-4519-B8A6-EAC1DCF5E037}"
EndProject
Project("{FAE04EC0-301F-11D3-BF4B-00C04F79EFBC}") = "OneHitBossFights", "OneHitBossFights\OneHitBossFights.csproj", "{F28EE3CE-DA32-4002-92A2-5942B278F3A6}"
EndProject
Project("{FAE04EC0-301F-11D3-BF4B-00C04F79EFBC}") = "DoorPuzzleSkip", "DoorPuzzleSkip\DoorPuzzleSkip.csproj", "{02DBCFDA-8886-4B27-8F87-35B89B70D0BF}"
EndProject
Global
	GlobalSection(SolutionConfigurationPlatforms) = preSolution
		Debug|Any CPU = Debug|Any CPU
		Release|Any CPU = Release|Any CPU
	EndGlobalSection
	GlobalSection(ProjectConfigurationPlatforms) = postSolution
		{DCCED4AF-B363-46E7-BD4A-7628C572420C}.Debug|Any CPU.ActiveCfg = Debug|Any CPU
		{DCCED4AF-B363-46E7-BD4A-7628C572420C}.Debug|Any CPU.Build.0 = Debug|Any CPU
		{DCCED4AF-B363-46E7-BD4A-7628C572420C}.Release|Any CPU.ActiveCfg = Release|Any CPU
		{DCCED4AF-B363-46E7-BD4A-7628C572420C}.Release|Any CPU.Build.0 = Release|Any CPU
		{2F44C69A-C934-41A5-B717-1898C9FD12F9}.Debug|Any CPU.ActiveCfg = Debug|Any CPU
		{2F44C69A-C934-41A5-B717-1898C9FD12F9}.Debug|Any CPU.Build.0 = Debug|Any CPU
		{2F44C69A-C934-41A5-B717-1898C9FD12F9}.Release|Any CPU.ActiveCfg = Release|Any CPU
		{2F44C69A-C934-41A5-B717-1898C9FD12F9}.Release|Any CPU.Build.0 = Release|Any CPU
		{97EABF55-F3EC-4C1B-853B-D873C0A1B7AB}.Debug|Any CPU.ActiveCfg = Debug|Any CPU
		{97EABF55-F3EC-4C1B-853B-D873C0A1B7AB}.Debug|Any CPU.Build.0 = Debug|Any CPU
		{97EABF55-F3EC-4C1B-853B-D873C0A1B7AB}.Release|Any CPU.ActiveCfg = Release|Any CPU
		{97EABF55-F3EC-4C1B-853B-D873C0A1B7AB}.Release|Any CPU.Build.0 = Release|Any CPU
		{46C9280F-0E46-4C27-A783-B5A8BB0171C3}.Debug|Any CPU.ActiveCfg = Debug|Any CPU
		{46C9280F-0E46-4C27-A783-B5A8BB0171C3}.Debug|Any CPU.Build.0 = Debug|Any CPU
		{46C9280F-0E46-4C27-A783-B5A8BB0171C3}.Release|Any CPU.ActiveCfg = Release|Any CPU
		{46C9280F-0E46-4C27-A783-B5A8BB0171C3}.Release|Any CPU.Build.0 = Release|Any CPU
		{E1D56B64-740A-4519-B8A6-EAC1DCF5E037}.Debug|Any CPU.ActiveCfg = Debug|Any CPU
		{E1D56B64-740A-4519-B8A6-EAC1DCF5E037}.Debug|Any CPU.Build.0 = Debug|Any CPU
		{E1D56B64-740A-4519-B8A6-EAC1DCF5E037}.Release|Any CPU.ActiveCfg = Release|Any CPU
		{E1D56B64-740A-4519-B8A6-EAC1DCF5E037}.Release|Any CPU.Build.0 = Release|Any CPU
		{F28EE3CE-DA32-4002-92A2-5942B278F3A6}.Debug|Any CPU.ActiveCfg = Debug|Any CPU
		{F28EE3CE-DA32-4002-92A2-5942B278F3A6}.Debug|Any CPU.Build.0 = Debug|Any CPU
		{F28EE3CE-DA32-4002-92A2-5942B278F3A6}.Release|Any CPU.ActiveCfg = Release|Any CPU
		{F28EE3CE-DA32-4002-92A2-5942B278F3A6}.Release|Any CPU.Build.0 = Release|Any CPU
		{02DBCFDA-8886-4B27-8F87-35B89B70D0BF}.Debug|Any CPU.ActiveCfg = Debug|Any CPU
		{02DBCFDA-8886-4B27-8F87-35B89B70D0BF}.Debug|Any CPU.Build.0 = Debug|Any CPU
		{02DBCFDA-8886-4B27-8F87-35B89B70D0BF}.Release|Any CPU.ActiveCfg = Release|Any CPU
		{02DBCFDA-8886-4B27-8F87-35B89B70D0BF}.Release|Any CPU.Build.0 = Release|Any CPU
	EndGlobalSection
	GlobalSection(SolutionProperties) = preSolution
		HideSolutionNode = FALSE
	EndGlobalSection
	GlobalSection(ExtensibilityGlobals) = postSolution
		SolutionGuid = {FDD2D12C-5ED5-45FA-BAC2-DDFEB7D1C556}
	EndGlobalSection
EndGlobal
